# This file is automatically @generated by Cargo.
# It is not intended for manual editing.
version = 4

[[package]]
name = "backend-access-common-heaptuple"
version = "0.0.0"
dependencies = [
 "backend-access-heap-heaptoast-seams",
 "backend-utils-adt-misc2-seams",
 "types-core",
 "types-datum",
 "types-tuple",
]

[[package]]
name = "backend-access-heap-heaptoast-seams"
version = "0.0.0"
dependencies = [
 "seam-core",
 "types-tuple",
]

[[package]]
name = "backend-port-sysv-shmem-seams"
version = "0.0.0"
dependencies = [
 "seam-core",
]

[[package]]
name = "backend-postmaster-autovacuum-seams"
version = "0.0.0"
dependencies = [
 "seam-core",
 "types-startup",
]

[[package]]
name = "backend-postmaster-bgworker-seams"
version = "0.0.0"
dependencies = [
 "seam-core",
 "types-startup",
]

[[package]]
name = "backend-postmaster-bgwriter-seams"
version = "0.0.0"
dependencies = [
 "seam-core",
 "types-startup",
]

[[package]]
name = "backend-postmaster-checkpointer-seams"
version = "0.0.0"
dependencies = [
 "seam-core",
 "types-startup",
]

[[package]]
name = "backend-postmaster-fork-process-seams"
version = "0.0.0"
dependencies = [
 "seam-core",
 "types-core",
]

[[package]]
name = "backend-postmaster-launch-backend"
version = "0.0.0"
dependencies = [
 "backend-port-sysv-shmem-seams",
 "backend-postmaster-autovacuum-seams",
 "backend-postmaster-bgworker-seams",
 "backend-postmaster-bgwriter-seams",
 "backend-postmaster-checkpointer-seams",
 "backend-postmaster-fork-process-seams",
 "backend-postmaster-pgarch-seams",
 "backend-postmaster-postmaster-seams",
 "backend-postmaster-startup-seams",
 "backend-postmaster-syslogger-seams",
 "backend-postmaster-walsummarizer-seams",
 "backend-postmaster-walwriter-seams",
 "backend-replication-logical-slotsync-seams",
 "backend-replication-walreceiver-seams",
 "backend-storage-aio-methods-seams",
 "backend-storage-ipc-dsm-core-seams",
 "backend-tcop-backend-startup-seams",
 "backend-utils-adt-timestamp-seams",
 "backend-utils-init-miscinit-seams",
 "backend-utils-init-small-seams",
 "backend-utils-mmgr-mcxt-seams",
 "types-core",
 "types-net",
 "types-startup",
]

[[package]]
name = "backend-postmaster-pgarch-seams"
version = "0.0.0"
dependencies = [
 "seam-core",
 "types-startup",
]

[[package]]
name = "backend-postmaster-postmaster-seams"
version = "0.0.0"
dependencies = [
 "seam-core",
]

[[package]]
name = "backend-postmaster-startup-seams"
version = "0.0.0"
dependencies = [
 "seam-core",
 "types-startup",
]

[[package]]
name = "backend-postmaster-syslogger-seams"
version = "0.0.0"
dependencies = [
 "seam-core",
 "types-startup",
]

[[package]]
name = "backend-postmaster-walsummarizer-seams"
version = "0.0.0"
dependencies = [
 "seam-core",
 "types-startup",
]

[[package]]
name = "backend-postmaster-walwriter-seams"
version = "0.0.0"
dependencies = [
 "seam-core",
 "types-startup",
]

[[package]]
name = "backend-replication-logical-slotsync-seams"
version = "0.0.0"
dependencies = [
 "seam-core",
 "types-startup",
]

[[package]]
name = "backend-replication-walreceiver-seams"
version = "0.0.0"
dependencies = [
 "seam-core",
 "types-startup",
]

[[package]]
name = "backend-storage-aio-methods-seams"
version = "0.0.0"
dependencies = [
 "seam-core",
 "types-startup",
]

[[package]]
name = "backend-storage-ipc-dsm-core-seams"
version = "0.0.0"
dependencies = [
 "seam-core",
]

[[package]]
name = "backend-storage-page-checksum"
version = "0.0.0"
dependencies = [
 "types-core",
]

[[package]]
name = "backend-tcop-backend-startup-seams"
version = "0.0.0"
dependencies = [
 "seam-core",
 "types-core",
 "types-startup",
]

[[package]]
name = "backend-utils-adt-misc2-seams"
version = "0.0.0"
dependencies = [
 "seam-core",
]

[[package]]
name = "backend-utils-adt-timestamp-seams"
version = "0.0.0"
dependencies = [
 "seam-core",
 "types-core",
]

[[package]]
name = "backend-utils-init-miscinit-seams"
version = "0.0.0"
dependencies = [
 "seam-core",
]

[[package]]
name = "backend-utils-init-small-seams"
version = "0.0.0"
dependencies = [
 "seam-core",
 "types-net",
]

[[package]]
name = "backend-utils-mb-wstrcmp"
version = "0.0.0"
dependencies = [
 "types-wchar",
]

[[package]]
name = "backend-utils-mb-wstrncmp"
version = "0.0.0"
dependencies = [
 "types-wchar",
]

[[package]]
name = "backend-utils-misc-pg-rusage"
version = "0.0.0"
dependencies = [
 "libc",
]

[[package]]
name = "backend-utils-mmgr-mcxt-seams"
version = "0.0.0"
dependencies = [
 "seam-core",
]

[[package]]
name = "libc"
version = "0.2.186"
source = "registry+https://github.com/rust-lang/crates.io-index"
checksum = "68ab91017fe16c622486840e4c83c9a37afeff978bd239b5293d61ece587de66"

[[package]]
name = "pg-prng"
version = "0.0.0"

[[package]]
name = "seam-core"
version = "0.0.0"

[[package]]
name = "seams-init"
version = "0.0.0"
dependencies = [
 "backend-access-common-heaptuple",
 "backend-postmaster-launch-backend",
 "backend-storage-page-checksum",
 "backend-utils-mb-wstrcmp",
 "backend-utils-mb-wstrncmp",
 "backend-utils-misc-pg-rusage",
]

[[package]]
name = "types-core"
version = "0.0.0"

[[package]]
name = "types-datum"
version = "0.0.0"
dependencies = [
 "types-core",
]

[[package]]
name = "types-net"
version = "0.0.0"
dependencies = [
 "libc",
]

[[package]]
name = "types-startup"
version = "0.0.0"
dependencies = [
 "types-core",
]

[[package]]
name = "types-tuple"
version = "0.0.0"
dependencies = [
 "types-core",
 "types-datum",
]

[[package]]
name = "types-wchar"
version = "0.0.0"
dependencies = [
 "types-core",
]
