# This file is automatically @generated by Cargo.
# It is not intended for manual editing.
version = 4

[[package]]
name = "backend-access-common-heaptuple"
version = "0.0.0"
dependencies = [
 "backend-access-heap-heaptoast-seams",
 "backend-utils-adt-misc2-seams",
 "types-core",
 "types-datum",
 "types-tuple",
]

[[package]]
name = "backend-access-hashvalidate"
version = "0.0.0"
dependencies = [
 "backend-access-index-amvalidate-seams",
 "backend-access-transam-xact-seams",
 "backend-utils-adt-format-type-seams",
 "backend-utils-adt-regproc-seams",
 "backend-utils-cache-lsyscache-seams",
 "backend-utils-cache-syscache-seams",
 "backend-utils-error-seams",
 "types-amvalidate",
 "types-core",
 "types-error",
 "types-hash",
]

[[package]]
name = "backend-access-heap-heaptoast-seams"
version = "0.0.0"
dependencies = [
 "seam-core",
 "types-tuple",
]

[[package]]
name = "backend-access-index-amvalidate-seams"
version = "0.0.0"
dependencies = [
 "seam-core",
 "types-amvalidate",
 "types-core",
 "types-error",
]

[[package]]
name = "backend-access-transam-xact-seams"
version = "0.0.0"
dependencies = [
 "seam-core",
 "types-error",
]

[[package]]
name = "backend-storage-page-checksum"
version = "0.0.0"
dependencies = [
 "types-core",
]

[[package]]
name = "backend-utils-adt-format-type-seams"
version = "0.0.0"
dependencies = [
 "seam-core",
 "types-core",
 "types-error",
]

[[package]]
name = "backend-utils-adt-misc2-seams"
version = "0.0.0"
dependencies = [
 "seam-core",
]

[[package]]
name = "backend-utils-adt-regproc-seams"
version = "0.0.0"
dependencies = [
 "seam-core",
 "types-core",
 "types-error",
]

[[package]]
name = "backend-utils-cache-lsyscache-seams"
version = "0.0.0"
dependencies = [
 "seam-core",
 "types-core",
 "types-error",
]

[[package]]
name = "backend-utils-cache-syscache-seams"
version = "0.0.0"
dependencies = [
 "seam-core",
 "types-core",
 "types-error",
 "types-hash",
]

[[package]]
name = "backend-utils-error-seams"
version = "0.0.0"
dependencies = [
 "seam-core",
 "types-error",
]

[[package]]
name = "backend-utils-mb-wstrcmp"
version = "0.0.0"
dependencies = [
 "types-wchar",
]

[[package]]
name = "backend-utils-mb-wstrncmp"
version = "0.0.0"
dependencies = [
 "types-wchar",
]

[[package]]
name = "backend-utils-misc-pg-rusage"
version = "0.0.0"
dependencies = [
 "libc",
]

[[package]]
name = "libc"
version = "0.2.186"
source = "registry+https://github.com/rust-lang/crates.io-index"
checksum = "68ab91017fe16c622486840e4c83c9a37afeff978bd239b5293d61ece587de66"

[[package]]
name = "pg-prng"
version = "0.0.0"

[[package]]
name = "seam-core"
version = "0.0.0"

[[package]]
name = "seams-init"
version = "0.0.0"
dependencies = [
 "backend-access-common-heaptuple",
 "backend-access-hashvalidate",
 "backend-storage-page-checksum",
 "backend-utils-mb-wstrcmp",
 "backend-utils-mb-wstrncmp",
 "backend-utils-misc-pg-rusage",
]

[[package]]
name = "types-amvalidate"
version = "0.0.0"
dependencies = [
 "types-core",
]

[[package]]
name = "types-core"
version = "0.0.0"

[[package]]
name = "types-datum"
version = "0.0.0"
dependencies = [
 "types-core",
]

[[package]]
name = "types-error"
version = "0.0.0"

[[package]]
name = "types-hash"
version = "0.0.0"
dependencies = [
 "types-core",
]

[[package]]
name = "types-tuple"
version = "0.0.0"
dependencies = [
 "types-core",
 "types-datum",
]

[[package]]
name = "types-wchar"
version = "0.0.0"
dependencies = [
 "types-core",
]
