# This file is automatically @generated by Cargo.
# It is not intended for manual editing.
version = 4

[[package]]
name = "pg_prng"
version = "0.1.0"
dependencies = [
 "pg_prng_seams",
]

[[package]]
name = "pg_prng_seams"
version = "0.0.0"
dependencies = [
 "seam_core",
 "types_core",
 "types_error",
]

[[package]]
name = "poc-pg-prng"
version = "0.1.0"
dependencies = [
 "pg_prng",
]

[[package]]
name = "seam_core"
version = "0.1.0"

[[package]]
name = "types_core"
version = "0.0.0"

[[package]]
name = "types_error"
version = "0.0.0"
