# This file is automatically @generated by Cargo.
# It is not intended for manual editing.
version = 4

[[package]]
name = "acl_seams"
version = "0.0.0"
dependencies = [
 "seam_core",
 "types_core",
 "types_error",
]

[[package]]
name = "aclchk_seams"
version = "0.0.0"
dependencies = [
 "mcx",
 "seam_core",
 "types_core",
 "types_error",
]

[[package]]
name = "adt_bool"
version = "0.1.0"
dependencies = [
 "datum",
 "hashfn",
 "mcx",
 "pqformat",
 "scalar_seams",
 "stringinfo",
 "types_core",
 "types_error",
 "types_fmgr",
 "varlena",
]

[[package]]
name = "adt_enum"
version = "0.0.0"
dependencies = [
 "arrayfuncs",
 "datum",
 "format_type",
 "hashfn",
 "mcx",
 "pg_enum_seams",
 "pqformat",
 "procarray_seams",
 "syscache_seams",
 "transam_seams",
 "typcache_seams",
 "types_core",
 "types_error",
 "types_fmgr",
 "types_nodes",
]

[[package]]
name = "adt_float"
version = "0.1.0"
dependencies = [
 "datum",
 "detoast_seams",
 "guc_tables",
 "hashfn",
 "pqformat",
 "ryu",
 "stringinfo",
 "types_array",
 "types_core",
 "types_error",
 "types_fmgr",
 "types_tuple",
]

[[package]]
name = "adt_int"
version = "0.1.0"
dependencies = [
 "datum",
 "funcapi",
 "hashfn",
 "mcx",
 "numutils",
 "pqformat",
 "stringinfo",
 "types_array",
 "types_core",
 "types_error",
 "types_fmgr",
 "types_nodes",
]

[[package]]
name = "adt_int8"
version = "0.1.0"
dependencies = [
 "datum",
 "funcapi",
 "hashfn",
 "mcx",
 "numutils",
 "pqformat",
 "stringinfo",
 "types_core",
 "types_error",
 "types_fmgr",
 "types_nodes",
]

[[package]]
name = "adt_mac"
version = "0.1.0"
dependencies = [
 "datum",
 "hashfn",
 "mcx",
 "pqformat",
 "stringinfo",
 "types_core",
 "types_error",
 "types_fmgr",
]

[[package]]
name = "adt_mac8"
version = "0.1.0"
dependencies = [
 "adt_mac",
 "datum",
 "hashfn",
 "mcx",
 "pqformat",
 "stringinfo",
 "types_core",
 "types_error",
 "types_fmgr",
]

[[package]]
name = "adt_numeric"
version = "0.1.0"
dependencies = [
 "adt_float",
 "arrayfuncs",
 "datum",
 "funcapi_srf",
 "hashfn",
 "hyperloglog",
 "init_small",
 "mcx",
 "nodes_core",
 "pg_prng",
 "pqformat",
 "stringinfo",
 "types_core",
 "types_error",
 "types_fmgr",
 "types_nodes",
 "types_tuple",
]

[[package]]
name = "adt_pg_lsn"
version = "0.1.0"
dependencies = [
 "adt_numeric",
 "datum",
 "hashfn",
 "mcx",
 "pqformat",
 "stringinfo",
 "types_core",
 "types_error",
 "types_fmgr",
]

[[package]]
name = "adt_scalar"
version = "0.1.0"
dependencies = [
 "aclchk_seams",
 "datum",
 "hashfn",
 "mcx",
 "miscinit_seams",
 "multixact",
 "namespace_seams",
 "nbt_compare",
 "numutils",
 "pqformat",
 "readfuncs",
 "rel_vocab",
 "relcache_seams",
 "snapmgr_seams",
 "stringinfo",
 "syscache_seams",
 "table",
 "tableam_seams",
 "types_array",
 "types_core",
 "types_error",
 "types_fmgr",
 "types_nodes",
 "types_rel",
 "types_tuple",
 "xact_seams",
]

[[package]]
name = "adt_varbit"
version = "0.1.0"
dependencies = [
 "arrayfuncs",
 "datum",
 "mcx",
 "nodes_core",
 "pqformat",
 "stringinfo",
 "types_core",
 "types_error",
 "types_fmgr",
 "types_nodes",
 "types_tuple",
]

[[package]]
name = "adt_varchar"
version = "0.1.0"
dependencies = [
 "arrayfuncs",
 "datum",
 "hashfn",
 "mbutils",
 "mcx",
 "nodes_core",
 "numutils",
 "pg_locale_seams",
 "pqformat",
 "stringinfo",
 "types_core",
 "types_error",
 "types_fmgr",
 "types_nodes",
 "varlena",
]

[[package]]
name = "ahash"
version = "0.8.12"
source = "registry+https://github.com/rust-lang/crates.io-index"
checksum = "5a15f179cd60c4584b8a8c596927aadc462e27f2ca70c04e0071964a73ba7a75"
dependencies = [
 "cfg-if",
 "once_cell",
 "version_check",
 "zerocopy",
]

[[package]]
name = "aho-corasick"
version = "1.1.4"
source = "registry+https://github.com/rust-lang/crates.io-index"
checksum = "ddd31a130427c27518df266943a5308ed92d4b226cc639f5a8f1002816174301"
dependencies = [
 "memchr",
]

[[package]]
name = "aio_seams"
version = "0.0.0"
dependencies = [
 "seam_core",
 "types_error",
]

[[package]]
name = "allocator-api2"
version = "0.2.21"
source = "registry+https://github.com/rust-lang/crates.io-index"
checksum = "683d7910e743518b0e34f1186f92494becacb047c7b6bf616c96772180fef923"

[[package]]
name = "arrayfuncs"
version = "0.1.0"
dependencies = [
 "arrayutils",
 "datum",
 "detoast_seams",
 "fmgr_seams",
 "format_type",
 "funcapi_srf",
 "guc_tables",
 "hashfn",
 "lsyscache",
 "mcx",
 "numutils",
 "pqformat",
 "stringinfo",
 "typcache",
 "types_core",
 "types_error",
 "types_fmgr",
 "types_nodes",
]

[[package]]
name = "arrayutils"
version = "0.1.0"
dependencies = [
 "types_error",
]

[[package]]
name = "autovacuum_seams"
version = "0.0.0"
dependencies = [
 "seam_core",
 "types_error",
]

[[package]]
name = "bufmgr_seams"
version = "0.0.0"
dependencies = [
 "seam_core",
 "types_core",
 "types_error",
 "types_rel",
 "types_storage",
]

[[package]]
name = "catalog_seams"
version = "0.0.0"
dependencies = [
 "mcx",
 "seam_core",
 "types_core",
 "types_error",
 "types_rel",
]

[[package]]
name = "catcache_seams"
version = "0.0.0"
dependencies = [
 "mcx",
 "seam_core",
 "types_core",
 "types_error",
 "types_rel",
 "types_storage",
 "types_tuple",
]

[[package]]
name = "cc"
version = "1.4.0"
source = "registry+https://github.com/rust-lang/crates.io-index"
checksum = "5add81bb678e6cb321aff7fa0dc7689ad82b112dbc032cea19f91d6b8e3582b9"
dependencies = [
 "find-msvc-tools",
 "shlex",
]

[[package]]
name = "cfg-if"
version = "1.0.4"
source = "registry+https://github.com/rust-lang/crates.io-index"
checksum = "9330f8b2ff13f34540b44e946ef35111825727b38d33286ef986142615121801"

[[package]]
name = "clauses_seams"
version = "0.1.0"
dependencies = [
 "mcx",
 "seam_core",
 "types_core",
 "types_error",
 "types_nodes",
]

[[package]]
name = "condition_variable_seams"
version = "0.0.0"
dependencies = [
 "seam_core",
 "types_error",
]

[[package]]
name = "datum"
version = "0.0.0"
dependencies = [
 "mcx",
 "types_core",
 "types_error",
]

[[package]]
name = "dbcommands_seams"
version = "0.0.0"
dependencies = [
 "mcx",
 "seam_core",
 "types_core",
 "types_error",
 "xlogreader_seams",
]

[[package]]
name = "deadlock_seams"
version = "0.0.0"
dependencies = [
 "seam_core",
 "types_core",
 "types_error",
 "types_storage",
]

[[package]]
name = "detoast"
version = "0.1.0"
dependencies = [
 "datum",
 "detoast_seams",
 "mcx",
 "pglz",
 "toast_internals_seams",
 "types_error",
 "types_tuple",
]

[[package]]
name = "detoast_seams"
version = "0.1.0"
dependencies = [
 "datum",
 "mcx",
 "seam_core",
 "types_error",
 "types_tuple",
]

[[package]]
name = "dfmgr"
version = "0.1.0"
dependencies = [
 "types_error",
 "types_fmgr",
]

[[package]]
name = "elog"
version = "0.0.0"
dependencies = [
 "elog_seams",
 "error_small_seams",
 "guc_tables",
 "init_small_seams",
 "ipc_seams",
 "libc",
 "mbutils_seams",
 "mcx",
 "pg_clock",
 "pgstat_seams",
 "pqcomm_seams",
 "syslogger_seams",
 "types_core",
 "types_dest",
 "types_error",
]

[[package]]
name = "elog_seams"
version = "0.0.0"
dependencies = [
 "seam_core",
 "types_error",
]

[[package]]
name = "error_small_seams"
version = "0.0.0"
dependencies = [
 "seam_core",
 "types_error",
]

[[package]]
name = "exectuples"
version = "0.1.0"
dependencies = [
 "bufmgr_seams",
 "datum",
 "heaptuple",
 "jit_deform",
 "mcx",
 "types_core",
 "types_error",
 "types_slot",
 "types_storage",
 "types_tuple",
]

[[package]]
name = "fd"
version = "0.0.0"
dependencies = [
 "aio_seams",
 "datum",
 "elog",
 "file_seams",
 "guc_tables",
 "init_small",
 "ipc_seams",
 "libc",
 "mcx",
 "pg_prng",
 "pgstat_seams",
 "postgres_seams",
 "resowner_seams",
 "startup_seams",
 "tablespace_seams",
 "types_core",
 "types_error",
 "types_resowner",
 "types_storage",
 "vfs",
 "waitevent_seams",
 "xact_seams",
]

[[package]]
name = "file_seams"
version = "0.0.0"
dependencies = [
 "seam_core",
 "types_error",
]

[[package]]
name = "find-msvc-tools"
version = "0.1.9"
source = "registry+https://github.com/rust-lang/crates.io-index"
checksum = "5baebc0774151f905a1a2cc41989300b1e6fbb29aff0ceffa1064fdd3088d582"

[[package]]
name = "fmgr_seams"
version = "0.1.0"
dependencies = [
 "seam_core",
 "types_core",
 "types_error",
 "types_fmgr",
]

[[package]]
name = "format_type"
version = "0.1.0"
dependencies = [
 "datum",
 "fmgr_seams",
 "keywords",
 "mbutils_seams",
 "mcx",
 "namespace_seams",
 "syscache_seams",
 "types_core",
 "types_error",
 "types_fmgr",
 "wchar",
]

[[package]]
name = "funcapi"
version = "0.1.0"
dependencies = [
 "arrayfuncs",
 "datum",
 "detoast_seams",
 "fmgr_seams",
 "format_type",
 "funcapi_srf",
 "init_small",
 "lsyscache",
 "mcx",
 "nodes_core",
 "syscache_seams",
 "tupdesc",
 "tuplestore",
 "typcache_seams",
 "types_core",
 "types_error",
 "types_fmgr",
 "types_nodes",
 "types_tuple",
 "varlena",
]

[[package]]
name = "funcapi_srf"
version = "0.1.0"
dependencies = [
 "datum",
 "types_error",
 "types_fmgr",
 "types_nodes",
]

[[package]]
name = "generator"
version = "0.8.9"
source = "registry+https://github.com/rust-lang/crates.io-index"
checksum = "b3b854b0e584ead1a33f18b2fcad7cf7be18b3875c78816b753639aa501513ae"
dependencies = [
 "cc",
 "cfg-if",
 "libc",
 "log",
 "rustversion",
 "windows-link",
 "windows-result",
]

[[package]]
name = "guc_seams"
version = "0.0.0"
dependencies = [
 "seam_core",
 "types_error",
 "types_guc",
]

[[package]]
name = "guc_tables"
version = "0.0.0"
dependencies = [
 "guc_seams",
 "types_error",
 "types_guc",
]

[[package]]
name = "hashbrown"
version = "0.14.5"
source = "registry+https://github.com/rust-lang/crates.io-index"
checksum = "e5274423e17b7c9fc20b6e7e208532f9b19825d82dfd615708b70edd83df41f1"
dependencies = [
 "ahash",
 "allocator-api2",
]

[[package]]
name = "hashfn"
version = "0.1.0"

[[package]]
name = "heaptuple"
version = "0.1.0"
dependencies = [
 "datum",
 "detoast_seams",
 "mcx",
 "types_core",
 "types_error",
 "types_tuple",
]

[[package]]
name = "hyperloglog"
version = "0.1.0"

[[package]]
name = "indexcmds_seams"
version = "0.1.0"
dependencies = [
 "mcx",
 "seam_core",
 "types_core",
 "types_error",
 "types_nodes",
 "types_rel",
]

[[package]]
name = "init_small"
version = "0.0.0"
dependencies = [
 "acl_seams",
 "guc_seams",
 "guc_tables",
 "init_small_seams",
 "mcx",
 "miscinit_seams",
 "types_core",
 "types_error",
 "types_startup",
 "types_storage",
]

[[package]]
name = "init_small_seams"
version = "0.0.0"
dependencies = [
 "seam_core",
]

[[package]]
name = "inval"
version = "0.1.0"
dependencies = [
 "catalog_seams",
 "catcache_seams",
 "datum",
 "guc_tables",
 "init_small",
 "inval_seams",
 "mcx",
 "miscinit_seams",
 "relcache_seams",
 "relmapper_seams",
 "relpath_seams",
 "sinval_seams",
 "smgr_seams",
 "snapmgr_seams",
 "syscache_seams",
 "transam_xlog_seams",
 "types_core",
 "types_error",
 "types_rel",
 "types_storage",
 "types_tuple",
 "xact_seams",
 "xloginsert_seams",
]

[[package]]
name = "inval_seams"
version = "0.0.0"
dependencies = [
 "seam_core",
 "types_error",
]

[[package]]
name = "ip"
version = "0.0.0"
dependencies = [
 "libc",
]

[[package]]
name = "ipc_seams"
version = "0.0.0"
dependencies = [
 "datum",
 "seam_core",
 "types_error",
]

[[package]]
name = "jit_deform"
version = "0.1.0"
dependencies = [
 "datum",
 "libc",
 "mcx",
 "types_tuple",
]

[[package]]
name = "keywords"
version = "0.1.0"

[[package]]
name = "latch"
version = "0.0.0"
dependencies = [
 "init_small",
 "latch_seams",
 "lmgr_proc_seams",
 "loom",
 "pgsync",
 "procsignal_seams",
 "timeout_seams",
 "types_core",
 "types_error",
 "types_storage",
 "waiter",
 "waitevent_seams",
 "waiteventset_seams",
]

[[package]]
name = "latch_seams"
version = "0.0.0"
dependencies = [
 "seam_core",
 "types_storage",
]

[[package]]
name = "lazy_static"
version = "1.5.0"
source = "registry+https://github.com/rust-lang/crates.io-index"
checksum = "bbd2bcb4c963f2ddae06a2efc7e9f3591312473c50c6685e1f298068316e66fe"

[[package]]
name = "libc"
version = "0.2.189"
source = "registry+https://github.com/rust-lang/crates.io-index"
checksum = "3eaf3ede3fee6db1a4c2ee091bf8a8b4dccdc6d17f656fb07896ee72867612f2"

[[package]]
name = "libpq_pqsignal"
version = "0.0.0"
dependencies = [
 "libc",
]

[[package]]
name = "lmgr_proc"
version = "0.0.0"
dependencies = [
 "autovacuum_seams",
 "condition_variable_seams",
 "deadlock_seams",
 "guc_tables",
 "init_small",
 "ipc_seams",
 "latch_seams",
 "lmgr_proc_seams",
 "lock_seams",
 "lwlock",
 "miscinit_seams",
 "pg_sema_seams",
 "pmsignal_seams",
 "procarray_seams",
 "s_lock_seams",
 "shmem_seams",
 "syncrep_seams",
 "timeout_seams",
 "types_core",
 "types_error",
 "types_storage",
 "waitevent_seams",
]

[[package]]
name = "lmgr_proc_seams"
version = "0.0.0"
dependencies = [
 "seam_core",
 "types_core",
 "types_storage",
]

[[package]]
name = "lock_seams"
version = "0.0.0"
dependencies = [
 "seam_core",
 "types_core",
 "types_error",
 "types_storage",
]

[[package]]
name = "log"
version = "0.4.33"
source = "registry+https://github.com/rust-lang/crates.io-index"
checksum = "0ceec5bc11778974d1bcb055b18002eba7f4b3518b6a0081b3af5f21666da9ad"

[[package]]
name = "loom"
version = "0.7.2"
source = "registry+https://github.com/rust-lang/crates.io-index"
checksum = "419e0dc8046cb947daa77eb95ae174acfbddb7673b4151f56d1eed8e93fbfaca"
dependencies = [
 "cfg-if",
 "generator",
 "scoped-tls",
 "tracing",
 "tracing-subscriber",
]

[[package]]
name = "lsyscache"
version = "0.1.0"
dependencies = [
 "aclchk_seams",
 "adt_scalar",
 "datum",
 "fmgr_seams",
 "format_type",
 "init_small",
 "lsyscache_seams",
 "mcx",
 "miscinit_seams",
 "namespace_seams",
 "readfuncs",
 "syscache_seams",
 "typcache_seams",
 "types_core",
 "types_error",
 "types_fmgr",
 "types_nodes",
 "types_pathnodes",
 "types_tuple",
]

[[package]]
name = "lsyscache_seams"
version = "0.1.0"
dependencies = [
 "seam_core",
 "types_core",
 "types_error",
]

[[package]]
name = "lwlock"
version = "0.0.0"
dependencies = [
 "init_small",
 "lmgr_proc_seams",
 "s_lock_seams",
 "shmem_seams",
 "types_core",
 "types_error",
 "waitevent_seams",
]

[[package]]
name = "matchers"
version = "0.2.0"
source = "registry+https://github.com/rust-lang/crates.io-index"
checksum = "d1525a2a28c7f4fa0fc98bb91ae755d1e2d1505079e05539e35bc876b5d65ae9"
dependencies = [
 "regex-automata",
]

[[package]]
name = "mbutils"
version = "0.1.0"
dependencies = [
 "datum",
 "fmgr_seams",
 "mbutils_seams",
 "mcx",
 "namespace_seams",
 "types_core",
 "types_error",
 "types_fmgr",
 "wchar",
 "xact_seams",
]

[[package]]
name = "mbutils_seams"
version = "0.1.0"
dependencies = [
 "mcx",
 "seam_core",
 "types_core",
 "types_error",
]

[[package]]
name = "mcx"
version = "0.0.0"
dependencies = [
 "allocator-api2",
 "hashbrown",
 "rustc-hash",
 "types_error",
]

[[package]]
name = "memchr"
version = "2.8.3"
source = "registry+https://github.com/rust-lang/crates.io-index"
checksum = "cf8baf1c55e62ffcace7a9f06f4bd9cd3f0c4beb022d3b367256b91b87513d98"

[[package]]
name = "miscinit"
version = "0.0.0"
dependencies = [
 "dfmgr",
 "elog",
 "fd",
 "guc_seams",
 "guc_tables",
 "init_small",
 "inval_seams",
 "ipc_seams",
 "latch",
 "libc",
 "libpq_pqsignal",
 "lmgr_proc",
 "mcx",
 "miscinit_seams",
 "parallel_seams",
 "pg_path",
 "pg_prng",
 "pg_strong_random",
 "pqcomm_seams",
 "procarray_seams",
 "shmem_seams",
 "syscache_seams",
 "timestamp_seams",
 "types_core",
 "types_error",
 "types_guc",
 "types_storage",
 "waiteventset",
]

[[package]]
name = "miscinit_seams"
version = "0.0.0"
dependencies = [
 "mcx",
 "seam_core",
 "types_core",
 "types_error",
]

[[package]]
name = "multixact"
version = "0.0.0"
dependencies = [
 "dbcommands_seams",
 "elog",
 "guc_seams",
 "guc_tables",
 "init_small",
 "lwlock",
 "mcx",
 "multixact_seams",
 "pmsignal",
 "procarray_seams",
 "slru",
 "transam_seams",
 "transam_xlog_seams",
 "twophase_seams",
 "types_core",
 "types_error",
 "types_guc",
 "types_storage",
 "varsup_seams",
 "xact_seams",
 "xloginsert_seams",
 "xlogreader_seams",
 "xlogutils_seams",
]

[[package]]
name = "multixact_seams"
version = "0.0.0"
dependencies = [
 "seam_core",
 "types_core",
 "types_error",
 "types_storage",
]

[[package]]
name = "name"
version = "0.0.0"
dependencies = [
 "arrayfuncs",
 "datum",
 "elog",
 "hashfn",
 "lsyscache",
 "mbutils_seams",
 "mcx",
 "miscinit",
 "namespace_seams",
 "pqformat",
 "stringinfo",
 "types_core",
 "types_error",
 "types_fmgr",
 "types_tuple",
 "varlena",
]

[[package]]
name = "namespace_seams"
version = "0.0.0"
dependencies = [
 "mcx",
 "rel_vocab",
 "seam_core",
 "types_core",
 "types_error",
 "types_rel",
]

[[package]]
name = "nbt_compare"
version = "0.1.0"
dependencies = [
 "datum",
 "types_array",
 "types_core",
 "types_error",
 "types_fmgr",
]

[[package]]
name = "nodes_core"
version = "0.1.0"
dependencies = [
 "datum",
 "elog",
 "fmgr_seams",
 "lsyscache",
 "mcx",
 "outfuncs",
 "types_core",
 "types_error",
 "types_fmgr",
 "types_nodes",
]

[[package]]
name = "nu-ansi-term"
version = "0.50.3"
source = "registry+https://github.com/rust-lang/crates.io-index"
checksum = "7957b9740744892f114936ab4a57b3f487491bbeafaf8083688b16841a4240e5"
dependencies = [
 "windows-sys",
]

[[package]]
name = "numutils"
version = "0.1.0"
dependencies = [
 "types_error",
]

[[package]]
name = "once_cell"
version = "1.21.4"
source = "registry+https://github.com/rust-lang/crates.io-index"
checksum = "9f7c3e4beb33f85d45ae3e3a1792185706c8e16d043238c593331cc7cd313b50"

[[package]]
name = "outfuncs"
version = "0.1.0"
dependencies = [
 "datum",
 "mcx",
 "types_core",
 "types_error",
 "types_nodes",
]

[[package]]
name = "parallel_seams"
version = "0.0.0"
dependencies = [
 "seam_core",
 "types_core",
 "types_error",
]

[[package]]
name = "parser_small1"
version = "0.0.0"
dependencies = [
 "adt_numeric",
 "adt_varbit",
 "datum",
 "elog",
 "format_type",
 "libc",
 "lsyscache",
 "mbutils",
 "mcx",
 "nodes_core",
 "numutils",
 "queryenvironment",
 "table",
 "types_core",
 "types_error",
 "types_nodes",
 "types_rel",
 "types_tuple",
 "wchar",
]

[[package]]
name = "pg_bitutils"
version = "0.1.0"

[[package]]
name = "pg_class_seams"
version = "0.0.0"
dependencies = [
 "seam_core",
 "types_error",
]

[[package]]
name = "pg_clock"
version = "0.1.0"
dependencies = [
 "libc",
]

[[package]]
name = "pg_enum_seams"
version = "0.0.0"
dependencies = [
 "mcx",
 "seam_core",
 "types_core",
 "types_error",
 "types_tuple",
]

[[package]]
name = "pg_locale_seams"
version = "0.1.0"
dependencies = [
 "mcx",
 "seam_core",
 "types_core",
 "types_error",
]

[[package]]
name = "pg_path"
version = "0.1.0"
dependencies = [
 "libc",
]

[[package]]
name = "pg_prng"
version = "0.1.0"
dependencies = [
 "pg_prng_seams",
]

[[package]]
name = "pg_prng_seams"
version = "0.0.0"
dependencies = [
 "seam_core",
 "types_core",
 "types_error",
]

[[package]]
name = "pg_sema_seams"
version = "0.0.0"
dependencies = [
 "seam_core",
 "types_core",
]

[[package]]
name = "pg_strong_random"
version = "0.1.0"
dependencies = [
 "libc",
]

[[package]]
name = "pglz"
version = "0.1.0"

[[package]]
name = "pgstat_seams"
version = "0.0.0"
dependencies = [
 "seam_core",
 "types_core",
 "types_error",
]

[[package]]
name = "pgsync"
version = "0.1.0"
dependencies = [
 "loom",
 "pg_clock",
 "pg_strong_random",
]

[[package]]
name = "pin-project-lite"
version = "0.2.17"
source = "registry+https://github.com/rust-lang/crates.io-index"
checksum = "a89322df9ebe1c1578d689c92318e070967d1042b512afbe49518723f4e6d5cd"

[[package]]
name = "pkg-config"
version = "0.3.33"
source = "registry+https://github.com/rust-lang/crates.io-index"
checksum = "19f132c84eca552bf34cab8ec81f1c1dcc229b811638f9d283dceabe58c5569e"

[[package]]
name = "pmsignal"
version = "0.0.0"
dependencies = [
 "init_small",
 "ipc_seams",
 "pmsignal_seams",
 "postmaster_seams",
 "shmem_seams",
 "types_error",
 "waiteventset_seams",
]

[[package]]
name = "pmsignal_seams"
version = "0.0.0"
dependencies = [
 "seam_core",
]

[[package]]
name = "postgres_seams"
version = "0.0.0"
dependencies = [
 "seam_core",
 "types_error",
]

[[package]]
name = "postmaster_seams"
version = "0.0.0"
dependencies = [
 "seam_core",
 "types_core",
]

[[package]]
name = "pqcomm_seams"
version = "0.0.0"
dependencies = [
 "seam_core",
 "types_error",
 "types_startup",
 "types_storage",
]

[[package]]
name = "pqformat"
version = "0.1.0"
dependencies = [
 "datum",
 "mbutils",
 "mbutils_seams",
 "mcx",
 "pqcomm_seams",
 "stringinfo",
 "types_error",
]

[[package]]
name = "proc-macro2"
version = "1.0.107"
source = "registry+https://github.com/rust-lang/crates.io-index"
checksum = "985e7ec9bb745e6ce6535b544d84d6cd6f7ad8bd711c398938ae983b91a766d9"
dependencies = [
 "unicode-ident",
]

[[package]]
name = "procarray_seams"
version = "0.0.0"
dependencies = [
 "seam_core",
 "types_core",
 "types_error",
 "types_rel",
 "types_storage",
]

[[package]]
name = "procsignal_seams"
version = "0.0.0"
dependencies = [
 "seam_core",
 "types_error",
 "types_storage",
]

[[package]]
name = "proof_hash_rows"
version = "0.1.0"
dependencies = [
 "adt_bool",
 "adt_enum",
 "adt_float",
 "adt_int",
 "adt_int8",
 "adt_mac",
 "adt_mac8",
 "adt_pg_lsn",
 "adt_scalar",
 "adt_varchar",
 "datum",
 "name",
 "proof_support",
 "types_array",
 "types_core",
 "types_error",
 "types_fmgr",
 "varlena",
]

[[package]]
name = "proof_support"
version = "0.1.0"
dependencies = [
 "datum",
 "types_error",
 "types_fmgr",
]

[[package]]
name = "queryenvironment"
version = "0.1.0"
dependencies = [
 "mcx",
 "table",
 "types_core",
 "types_error",
 "types_portal",
 "types_rel",
 "types_tuple",
]

[[package]]
name = "quote"
version = "1.0.47"
source = "registry+https://github.com/rust-lang/crates.io-index"
checksum = "1fbf4db142a473a8d80c26bbf18454ed458bf8d26c8219c331daecfdbd079001"
dependencies = [
 "proc-macro2",
]

[[package]]
name = "readfuncs"
version = "0.1.0"
dependencies = [
 "datum",
 "mcx",
 "types_core",
 "types_error",
 "types_nodes",
]

[[package]]
name = "regex"
version = "0.0.0"
dependencies = [
 "mcx",
 "types_core",
]

[[package]]
name = "regex-automata"
version = "0.4.16"
source = "registry+https://github.com/rust-lang/crates.io-index"
checksum = "8fcfdb36bda0c880c5931cdc7a2bcdc8ba4556847b9d912bca70bc94708711ad"
dependencies = [
 "aho-corasick",
 "memchr",
 "regex-syntax",
]

[[package]]
name = "regex-syntax"
version = "0.8.11"
source = "registry+https://github.com/rust-lang/crates.io-index"
checksum = "d6f6ff9a378485b298a5286656da665ba74413d36db0979633275d2e708145d4"

[[package]]
name = "regex_core_seams"
version = "0.0.0"
dependencies = [
 "mcx",
 "regex",
 "seam_core",
 "types_core",
 "types_error",
]

[[package]]
name = "regexp_alt"
version = "0.1.0"
dependencies = [
 "cc",
 "guc_tables",
 "mbutils",
 "mcx",
 "memchr",
 "pkg-config",
 "postgres_seams",
 "regex",
 "types_error",
 "wchar",
]

[[package]]
name = "regexp_seams"
version = "0.0.0"
dependencies = [
 "mcx",
 "regex",
 "seam_core",
 "types_core",
 "types_error",
]

[[package]]
name = "rel_vocab"
version = "0.1.0"

[[package]]
name = "relation_seams"
version = "0.0.0"
dependencies = [
 "mcx",
 "rel_vocab",
 "seam_core",
 "types_core",
 "types_error",
 "types_rel",
]

[[package]]
name = "relcache_seams"
version = "0.0.0"
dependencies = [
 "jit_deform",
 "mcx",
 "seam_core",
 "types_core",
 "types_error",
 "types_rel",
 "types_trigger",
]

[[package]]
name = "relmapper_seams"
version = "0.0.0"
dependencies = [
 "seam_core",
 "types_core",
 "types_error",
]

[[package]]
name = "relpath_seams"
version = "0.0.0"
dependencies = [
 "mcx",
 "seam_core",
 "types_core",
 "types_error",
 "types_storage",
]

[[package]]
name = "resowner_seams"
version = "0.0.0"
dependencies = [
 "datum",
 "seam_core",
 "types_core",
 "types_error",
 "types_resowner",
 "types_snapshot",
 "types_storage",
]

[[package]]
name = "rustc-hash"
version = "2.1.3"
source = "registry+https://github.com/rust-lang/crates.io-index"
checksum = "6b1e7f9a428571be2dc5bc0505c13fb6bf936822b894ec87abf8a08a4e51742d"

[[package]]
name = "rustversion"
version = "1.0.23"
source = "registry+https://github.com/rust-lang/crates.io-index"
checksum = "cf54715a573b99ac80df0bc206da022bcd442c974952c7b9720069370852e21f"

[[package]]
name = "ryu"
version = "0.1.0"

[[package]]
name = "s_lock_seams"
version = "0.0.0"
dependencies = [
 "seam_core",
]

[[package]]
name = "scalar_seams"
version = "0.0.0"
dependencies = [
 "seam_core",
]

[[package]]
name = "scoped-tls"
version = "1.0.1"
source = "registry+https://github.com/rust-lang/crates.io-index"
checksum = "e1cf6437eb19a8f4a6cc0f7dca544973b0b78843adbfeb3683d1a94a0024a294"

[[package]]
name = "seam_core"
version = "0.1.0"

[[package]]
name = "sharded-slab"
version = "0.1.7"
source = "registry+https://github.com/rust-lang/crates.io-index"
checksum = "f40ca3c46823713e0d4209592e8d6e826aa57e928f09752619fc696c499637f6"
dependencies = [
 "lazy_static",
]

[[package]]
name = "shlex"
version = "2.0.1"
source = "registry+https://github.com/rust-lang/crates.io-index"
checksum = "f8fadd59c855ef2080decdef8ff161eb6661b86933c9d82e5ba29dc602a55aba"

[[package]]
name = "shmem_seams"
version = "0.0.0"
dependencies = [
 "seam_core",
 "types_error",
]

[[package]]
name = "sinval_seams"
version = "0.0.0"
dependencies = [
 "seam_core",
 "types_core",
 "types_error",
 "types_storage",
]

[[package]]
name = "slru"
version = "0.0.0"
dependencies = [
 "elog",
 "file_seams",
 "init_small",
 "libc",
 "lmgr_proc_seams",
 "lwlock",
 "pgstat_seams",
 "shmem_seams",
 "sync_seams",
 "transam_xlog_seams",
 "types_core",
 "types_error",
 "types_storage",
 "vfs",
 "waitevent_seams",
 "xlogutils_seams",
]

[[package]]
name = "smallvec"
version = "1.15.2"
source = "registry+https://github.com/rust-lang/crates.io-index"
checksum = "8ed6a63f02c8539c91a8685a86f4099661ba3da017932f6ebbea6de3f0fa7c90"

[[package]]
name = "smgr_seams"
version = "0.0.0"
dependencies = [
 "seam_core",
 "types_core",
 "types_error",
 "types_rel",
 "types_storage",
]

[[package]]
name = "snapmgr_seams"
version = "0.0.0"
dependencies = [
 "seam_core",
 "types_core",
 "types_error",
 "types_snapshot",
]

[[package]]
name = "startup_seams"
version = "0.0.0"
dependencies = [
 "seam_core",
 "types_error",
]

[[package]]
name = "stringinfo"
version = "0.1.0"
dependencies = [
 "mcx",
 "types_error",
]

[[package]]
name = "syn"
version = "2.0.119"
source = "registry+https://github.com/rust-lang/crates.io-index"
checksum = "872831b642d1a07999a962a351ed35b955ea2cfc8f3862091e2a240a84f17297"
dependencies = [
 "proc-macro2",
 "quote",
 "unicode-ident",
]

[[package]]
name = "sync_seams"
version = "0.0.0"
dependencies = [
 "seam_core",
 "types_error",
 "types_storage",
]

[[package]]
name = "syncrep_seams"
version = "0.0.0"
dependencies = [
 "seam_core",
 "types_core",
 "types_error",
]

[[package]]
name = "syncscan_seams"
version = "0.0.0"
dependencies = [
 "seam_core",
 "types_core",
 "types_error",
 "types_rel",
]

[[package]]
name = "syscache_seams"
version = "0.0.0"
dependencies = [
 "datum",
 "mcx",
 "seam_core",
 "types_core",
 "types_error",
 "types_storage",
 "types_tuple",
]

[[package]]
name = "syslogger_seams"
version = "0.0.0"
dependencies = [
 "seam_core",
 "types_startup",
]

[[package]]
name = "table"
version = "0.1.0"
dependencies = [
 "mcx",
 "pg_class_seams",
 "rel_vocab",
 "relation_seams",
 "table_seams",
 "types_core",
 "types_error",
 "types_rel",
]

[[package]]
name = "table_seams"
version = "0.0.0"
dependencies = [
 "mcx",
 "seam_core",
 "types_core",
 "types_error",
 "types_rel",
]

[[package]]
name = "tableam_seams"
version = "0.0.0"
dependencies = [
 "mcx",
 "seam_core",
 "tableam_vocab",
 "types_core",
 "types_error",
 "types_rel",
 "types_snapshot",
 "types_storage",
 "types_tuple",
]

[[package]]
name = "tableam_vocab"
version = "0.1.0"
dependencies = [
 "bufmgr_seams",
 "mcx",
 "s_lock_seams",
 "syncscan_seams",
 "types_core",
 "types_error",
 "types_rel",
 "types_scan",
 "types_slot",
 "types_snapshot",
 "types_storage",
 "types_tuple",
]

[[package]]
name = "tablespace_seams"
version = "0.0.0"
dependencies = [
 "mcx",
 "seam_core",
 "types_core",
 "types_error",
 "types_tuple",
 "xlogreader_seams",
]

[[package]]
name = "thread_local"
version = "1.1.10"
source = "registry+https://github.com/rust-lang/crates.io-index"
checksum = "1ad99c4c6d32803332c548b1af0540b357b3f5fc0be8f6c6bfe8b2e6ae784070"
dependencies = [
 "cfg-if",
]

[[package]]
name = "timeout_seams"
version = "0.0.0"
dependencies = [
 "seam_core",
 "types_core",
 "types_error",
]

[[package]]
name = "timestamp_seams"
version = "0.0.0"
dependencies = [
 "seam_core",
 "types_core",
 "types_error",
]

[[package]]
name = "toast_internals_seams"
version = "0.1.0"
dependencies = [
 "mcx",
 "seam_core",
 "types_error",
]

[[package]]
name = "tracing"
version = "0.1.44"
source = "registry+https://github.com/rust-lang/crates.io-index"
checksum = "63e71662fa4b2a2c3a26f570f037eb95bb1f85397f3cd8076caed2f026a6d100"
dependencies = [
 "pin-project-lite",
 "tracing-core",
]

[[package]]
name = "tracing-core"
version = "0.1.36"
source = "registry+https://github.com/rust-lang/crates.io-index"
checksum = "db97caf9d906fbde555dd62fa95ddba9eecfd14cb388e4f491a66d74cd5fb79a"
dependencies = [
 "once_cell",
 "valuable",
]

[[package]]
name = "tracing-log"
version = "0.2.0"
source = "registry+https://github.com/rust-lang/crates.io-index"
checksum = "ee855f1f400bd0e5c02d150ae5de3840039a3f54b025156404e34c23c03f47c3"
dependencies = [
 "log",
 "once_cell",
 "tracing-core",
]

[[package]]
name = "tracing-subscriber"
version = "0.3.23"
source = "registry+https://github.com/rust-lang/crates.io-index"
checksum = "cb7f578e5945fb242538965c2d0b04418d38ec25c79d160cd279bf0731c8d319"
dependencies = [
 "matchers",
 "nu-ansi-term",
 "once_cell",
 "regex-automata",
 "sharded-slab",
 "smallvec",
 "thread_local",
 "tracing",
 "tracing-core",
 "tracing-log",
]

[[package]]
name = "transam_seams"
version = "0.0.0"
dependencies = [
 "seam_core",
 "types_core",
 "types_error",
]

[[package]]
name = "transam_xlog_seams"
version = "0.0.0"
dependencies = [
 "seam_core",
 "types_core",
 "types_error",
 "xlogreader_seams",
]

[[package]]
name = "tupdesc"
version = "0.1.0"
dependencies = [
 "catalog_seams",
 "datum",
 "format_type",
 "hashfn",
 "mcx",
 "syscache_seams",
 "types_core",
 "types_error",
 "types_tuple",
]

[[package]]
name = "tuplestore"
version = "0.1.0"
dependencies = [
 "datum",
 "exectuples",
 "fd",
 "heaptuple",
 "init_small",
 "mcx",
 "postgres_seams",
 "tuplestore_hold_seams",
 "types_core",
 "types_error",
 "types_portal",
 "types_slot",
 "types_tuple",
]

[[package]]
name = "tuplestore_hold_seams"
version = "0.0.0"
dependencies = [
 "seam_core",
 "types_error",
 "types_portal",
 "types_slot",
]

[[package]]
name = "twophase_seams"
version = "0.0.0"
dependencies = [
 "seam_core",
 "types_core",
 "types_error",
]

[[package]]
name = "typcache"
version = "0.1.0"
dependencies = [
 "clauses_seams",
 "datum",
 "fmgr_seams",
 "format_type",
 "indexcmds_seams",
 "inval",
 "lsyscache",
 "mcx",
 "nodes_core",
 "pg_enum_seams",
 "readfuncs",
 "relation_seams",
 "syscache_seams",
 "tupdesc",
 "typcache_seams",
 "types_core",
 "types_error",
 "types_fmgr",
 "types_nodes",
 "types_rel",
 "types_tuple",
]

[[package]]
name = "typcache_seams"
version = "0.0.0"
dependencies = [
 "datum",
 "mcx",
 "seam_core",
 "types_core",
 "types_error",
 "types_tuple",
]

[[package]]
name = "types_array"
version = "0.1.0"
dependencies = [
 "types_core",
]

[[package]]
name = "types_bloom"
version = "0.1.0"
dependencies = [
 "types_core",
 "types_fmgr",
]

[[package]]
name = "types_core"
version = "0.0.0"

[[package]]
name = "types_dest"
version = "0.0.0"

[[package]]
name = "types_error"
version = "0.0.0"

[[package]]
name = "types_fmgr"
version = "0.1.0"
dependencies = [
 "datum",
 "detoast_seams",
 "mcx",
 "stringinfo",
 "types_core",
 "types_error",
 "types_tuple",
]

[[package]]
name = "types_gist"
version = "0.1.0"
dependencies = [
 "datum",
 "mcx",
 "types_core",
 "types_error",
 "types_fmgr",
 "types_storage",
 "types_tuple",
]

[[package]]
name = "types_guc"
version = "0.0.0"

[[package]]
name = "types_hash"
version = "0.1.0"
dependencies = [
 "mcx",
 "types_core",
 "types_error",
 "types_tuple",
]

[[package]]
name = "types_nbtree"
version = "0.1.0"
dependencies = [
 "datum",
 "mcx",
 "types_core",
 "types_error",
 "types_fmgr",
 "types_scan",
 "types_storage",
 "types_tuple",
]

[[package]]
name = "types_nodes"
version = "0.1.0"
dependencies = [
 "datum",
 "mcx",
 "types_core",
 "types_error",
 "types_storage",
 "types_tuple",
]

[[package]]
name = "types_pathnodes"
version = "0.1.0"
dependencies = [
 "datum",
 "mcx",
 "types_core",
 "types_error",
 "types_hash",
 "types_nodes",
 "types_portal",
]

[[package]]
name = "types_portal"
version = "0.1.0"
dependencies = [
 "datum",
 "mcx",
 "types_core",
 "types_nodes",
 "types_resowner",
 "types_snapshot",
 "types_tuple",
]

[[package]]
name = "types_rel"
version = "0.1.0"
dependencies = [
 "mcx",
 "types_bloom",
 "types_core",
 "types_error",
 "types_fmgr",
 "types_hash",
 "types_nbtree",
 "types_spgist",
 "types_storage",
 "types_trigger",
 "types_tuple",
]

[[package]]
name = "types_resowner"
version = "0.1.0"
dependencies = [
 "datum",
 "mcx",
 "types_error",
]

[[package]]
name = "types_scan"
version = "0.1.0"
dependencies = [
 "datum",
 "types_core",
 "types_fmgr",
]

[[package]]
name = "types_slot"
version = "0.1.0"
dependencies = [
 "datum",
 "jit_deform",
 "mcx",
 "types_core",
 "types_tuple",
]

[[package]]
name = "types_snapshot"
version = "0.1.0"
dependencies = [
 "mcx",
 "types_core",
]

[[package]]
name = "types_spgist"
version = "0.1.0"
dependencies = [
 "datum",
 "mcx",
 "types_core",
 "types_error",
 "types_fmgr",
 "types_gist",
 "types_scan",
 "types_storage",
 "types_tuple",
]

[[package]]
name = "types_startup"
version = "0.0.0"
dependencies = [
 "ip",
 "types_core",
]

[[package]]
name = "types_storage"
version = "0.1.0"
dependencies = [
 "libc",
 "mcx",
 "pgsync",
 "types_core",
 "types_error",
]

[[package]]
name = "types_trigger"
version = "0.1.0"
dependencies = [
 "mcx",
 "types_core",
]

[[package]]
name = "types_tuple"
version = "0.1.0"
dependencies = [
 "datum",
 "mcx",
 "types_core",
 "types_error",
]

[[package]]
name = "unicode-ident"
version = "1.0.24"
source = "registry+https://github.com/rust-lang/crates.io-index"
checksum = "e6e4313cd5fcd3dad5cafa179702e2b244f760991f45397d14d4ebf38247da75"

[[package]]
name = "unicode_category"
version = "0.1.0"

[[package]]
name = "unicode_norm"
version = "0.1.0"
dependencies = [
 "mcx",
 "types_error",
 "wchar",
]

[[package]]
name = "valuable"
version = "0.1.1"
source = "registry+https://github.com/rust-lang/crates.io-index"
checksum = "ba73ea9cf16a25df0c8caa16c51acb937d5712a8429db78a3ee29d5dcacd3a65"

[[package]]
name = "varlena"
version = "0.1.0"
dependencies = [
 "arrayfuncs",
 "datum",
 "detoast",
 "detoast_seams",
 "fmgr_seams",
 "format_type",
 "funcapi_srf",
 "guc_tables",
 "hashfn",
 "hyperloglog",
 "lsyscache",
 "mbutils",
 "mbutils_seams",
 "mcx",
 "numutils",
 "parser_small1",
 "pg_bitutils",
 "pg_locale_seams",
 "postgres_seams",
 "pqformat",
 "regex",
 "regex_core_seams",
 "regexp_alt",
 "regexp_seams",
 "stringinfo",
 "types_core",
 "types_error",
 "types_fmgr",
 "types_tuple",
 "unicode_category",
 "unicode_norm",
 "wchar",
]

[[package]]
name = "varsup_seams"
version = "0.0.0"
dependencies = [
 "seam_core",
 "types_core",
 "types_error",
]

[[package]]
name = "version_check"
version = "0.9.5"
source = "registry+https://github.com/rust-lang/crates.io-index"
checksum = "0b928f33d975fc6ad9f86c8f283853ad26bdd5b10b7f1542aa2fa15e2289105a"

[[package]]
name = "vfs"
version = "0.0.0"
dependencies = [
 "libc",
]

[[package]]
name = "waiter"
version = "0.0.0"
dependencies = [
 "libc",
 "loom",
 "pg_clock",
 "pgsync",
]

[[package]]
name = "waitevent_seams"
version = "0.0.0"
dependencies = [
 "seam_core",
]

[[package]]
name = "waiteventset"
version = "0.0.0"
dependencies = [
 "fd",
 "init_small",
 "latch",
 "libc",
 "pg_clock",
 "types_core",
 "types_error",
 "types_storage",
 "waiter",
 "waitevent_seams",
 "waiteventset_seams",
]

[[package]]
name = "waiteventset_seams"
version = "0.0.0"
dependencies = [
 "seam_core",
 "types_core",
 "types_error",
 "types_storage",
]

[[package]]
name = "wchar"
version = "0.1.0"

[[package]]
name = "windows-link"
version = "0.2.1"
source = "registry+https://github.com/rust-lang/crates.io-index"
checksum = "f0805222e57f7521d6a62e36fa9163bc891acd422f971defe97d64e70d0a4fe5"

[[package]]
name = "windows-result"
version = "0.4.1"
source = "registry+https://github.com/rust-lang/crates.io-index"
checksum = "7781fa89eaf60850ac3d2da7af8e5242a5ea78d1a11c49bf2910bb5a73853eb5"
dependencies = [
 "windows-link",
]

[[package]]
name = "windows-sys"
version = "0.61.2"
source = "registry+https://github.com/rust-lang/crates.io-index"
checksum = "ae137229bcbd6cdf0f7b80a31df61766145077ddf49416a728b02cb3921ff3fc"
dependencies = [
 "windows-link",
]

[[package]]
name = "xact_seams"
version = "0.0.0"
dependencies = [
 "seam_core",
 "types_core",
 "types_error",
]

[[package]]
name = "xloginsert_seams"
version = "0.0.0"
dependencies = [
 "seam_core",
 "types_core",
 "types_error",
]

[[package]]
name = "xlogreader_seams"
version = "0.0.0"
dependencies = [
 "seam_core",
 "types_core",
 "types_error",
 "types_storage",
]

[[package]]
name = "xlogutils_seams"
version = "0.0.0"
dependencies = [
 "seam_core",
]

[[package]]
name = "zerocopy"
version = "0.8.55"
source = "registry+https://github.com/rust-lang/crates.io-index"
checksum = "b5a105cd7b140f6eeec8acff2ea38135d3cab283ada58540f629fe51e46696eb"
dependencies = [
 "zerocopy-derive",
]

[[package]]
name = "zerocopy-derive"
version = "0.8.55"
source = "registry+https://github.com/rust-lang/crates.io-index"
checksum = "0fe976fb70c78cd64cccfe3a6fc142244e8a77b70959b30faf9d0ac37ee228eb"
dependencies = [
 "proc-macro2",
 "quote",
 "syn",
]
