# This file is automatically @generated by Cargo.
# It is not intended for manual editing.
version = 4

[[package]]
name = "numutils"
version = "0.1.0"
dependencies = [
 "types_error",
]

[[package]]
name = "proof-intout"
version = "0.1.0"
dependencies = [
 "numutils",
]

[[package]]
name = "types_error"
version = "0.0.0"
